
Microsoft Visual Studio Solution File, Format Version 12.00
# Visual Studio Version 16
VisualStudioVersion = 16.0.28803.202
MinimumVisualStudioVersion = 10.0.40219.1
Project("{FAE04EC0-301F-11D3-BF4B-00C04F79EFBC}") = "MappingOrnek4.UI", "MappingOrnek4.UI\MappingOrnek4.UI.csproj", "{774770A4-0F94-4537-996A-F14E74CB86C5}"
EndProject
Project("{FAE04EC0-301F-11D3-BF4B-00C04F79EFBC}") = "MappingOrnek4.DATA", "MappingOrnek4.DATA\MappingOrnek4.DATA.csproj", "{8453795A-75C0-44E3-BB4A-6951129DBBA4}"
EndProject
Project("{FAE04EC0-301F-11D3-BF4B-00C04F79EFBC}") = "MappingOrnek4.DAL", "MappingOrnek4.DAL\MappingOrnek4.DAL.csproj", "{1EC832C2-5CF9-4C5E-A1F8-41C0C59FB81B}"
EndProject
Global
	GlobalSection(SolutionConfigurationPlatforms) = preSolution
		Debug|Any CPU = Debug|Any CPU
		Release|Any CPU = Release|Any CPU
	EndGlobalSection
	GlobalSection(ProjectConfigurationPlatforms) = postSolution
		{774770A4-0F94-4537-996A-F14E74CB86C5}.Debug|Any CPU.ActiveCfg = Debug|Any CPU
		{774770A4-0F94-4537-996A-F14E74CB86C5}.Debug|Any CPU.Build.0 = Debug|Any CPU
		{774770A4-0F94-4537-996A-F14E74CB86C5}.Release|Any CPU.ActiveCfg = Release|Any CPU
		{774770A4-0F94-4537-996A-F14E74CB86C5}.Release|Any CPU.Build.0 = Release|Any CPU
		{8453795A-75C0-44E3-BB4A-6951129DBBA4}.Debug|Any CPU.ActiveCfg = Debug|Any CPU
		{8453795A-75C0-44E3-BB4A-6951129DBBA4}.Debug|Any CPU.Build.0 = Debug|Any CPU
		{8453795A-75C0-44E3-BB4A-6951129DBBA4}.Release|Any CPU.ActiveCfg = Release|Any CPU
		{8453795A-75C0-44E3-BB4A-6951129DBBA4}.Release|Any CPU.Build.0 = Release|Any CPU
		{1EC832C2-5CF9-4C5E-A1F8-41C0C59FB81B}.Debug|Any CPU.ActiveCfg = Debug|Any CPU
		{1EC832C2-5CF9-4C5E-A1F8-41C0C59FB81B}.Debug|Any CPU.Build.0 = Debug|Any CPU
		{1EC832C2-5CF9-4C5E-A1F8-41C0C59FB81B}.Release|Any CPU.ActiveCfg = Release|Any CPU
		{1EC832C2-5CF9-4C5E-A1F8-41C0C59FB81B}.Release|Any CPU.Build.0 = Release|Any CPU
	EndGlobalSection
	GlobalSection(SolutionProperties) = preSolution
		HideSolutionNode = FALSE
	EndGlobalSection
	GlobalSection(ExtensibilityGlobals) = postSolution
		SolutionGuid = {590D40E6-1768-42F9-9E07-C47B99C87972}
	EndGlobalSection
EndGlobal
